<?xml version="1.0" encoding="utf-8"?>
<Project ToolsVersion="4.0" xmlns="http://schemas.microsoft.com/developer/msbuild/2003">
  <ItemGroup>
    <ClCompile Include="main.cpp" />
  </ItemGroup>
  <ItemGroup>
    <Filter Include="Misc">
      <UniqueIdentifier>{fd4a0df0-1101-4044-ae46-1f7381c37b65}</UniqueIdentifier>
    </Filter>
  </ItemGroup>
  <ItemGroup>
    <None Include=".editorconfig">
      <Filter>Misc</Filter>
    </None>
    <None Include=".gitattributes">
      <Filter>Misc</Filter>
    </None>
    <None Include=".gitignore">
      <Filter>Misc</Filter>
    </None>
    <None Include=".runsettings">
      <Filter>Misc</Filter>
    </None>
    <None Include="README.md">
      <Filter>Misc</Filter>
    </None>
    <None Include="vcpkg.json">
      <Filter>Misc</Filter>
    </None>
    <None Include="vcpkg-configuration.json">
      <Filter>Misc</Filter>
    </None>
  </ItemGroup>
  <ItemGroup>
    <ClInclude Include="referencesemantics_examples.h" />
    <ClInclude Include="template_examples.h" />
    <ClInclude Include="valuesemantics_examples.h" />
  </ItemGroup>
</Project>